{
  "name": "workspace",
  "lockfileVersion": 3,
  "requires": true,
  "packages": {
    "": {
      "devDependencies": {
        "@openclaw/clawsweeper": "github:openclaw/clawsweeper"
      }
    },
    "node_modules/@openclaw/clawsweeper": {
      "version": "0.2.1",
      "resolved": "git+ssh://git@github.com/openclaw/clawsweeper.git#6ceaaf4a911bd96daccee0b578ac11c1903f5dc4",
      "dev": true,
      "license": "MIT",
      "engines": {
        "node": ">=24"
      }
    }
  }
}
